// !$*UTF8*$!
{
	archiveVersion = 1;
	classes = {
	};
	objectVersion = 50;
	objects = {

/* Begin PBXBuildFile section */
		96ED343C251E895100B5F4C3 /* AppDelegate.swift in Sources */ = {isa = PBXBuildFile; fileRef = 96ED343B251E895100B5F4C3 /* AppDelegate.swift */; };
		96ED3440251E895100B5F4C3 /* ViewController.swift in Sources */ = {isa = PBXBuildFile; fileRef = 96ED343F251E895100B5F4C3 /* ViewController.swift */; };
		96ED3443251E895100B5F4C3 /* Main.storyboard in Resources */ = {isa = PBXBuildFile; fileRef = 96ED3441251E895100B5F4C3 /* Main.storyboard */; };
		96ED3445251E895700B5F4C3 /* Assets.xcassets in Resources */ = {isa = PBXBuildFile; fileRef = 96ED3444251E895700B5F4C3 /* Assets.xcassets */; };
		96ED3448251E895700B5F4C3 /* LaunchScreen.storyboard in Resources */ = {isa = PBXBuildFile; fileRef = 96ED3446251E895700B5F4C3 /* LaunchScreen.storyboard */; };
		96ED3450251E8FE100B5F4C3 /* SceneDelegate.swift in Sources */ = {isa = PBXBuildFile; fileRef = 96ED344F251E8FE000B5F4C3 /* SceneDelegate.swift */; };
		96ED3452251E91BD00B5F4C3 /* Vocabulary.swift in Sources */ = {isa = PBXBuildFile; fileRef = 96ED3451251E91BD00B5F4C3 /* Vocabulary.swift */; };
/* End PBXBuildFile section */

/* Begin PBXFileReference section */
		96ED3438251E895100B5F4C3 /* SpeechRecognizerSample.app */ = {isa = PBXFileReference; explicitFileType = wrapper.application; includeInIndex = 0; path = SpeechRecognizerSample.app; sourceTree = BUILT_PRODUCTS_DIR; };
		96ED343B251E895100B5F4C3 /* AppDelegate.swift */ = {isa = PBXFileReference; lastKnownFileType = sourcecode.swift; path = AppDelegate.swift; sourceTree = "<group>"; };
		96ED343F251E895100B5F4C3 /* ViewController.swift */ = {isa = PBXFileReference; lastKnownFileType = sourcecode.swift; path = ViewController.swift; sourceTree = "<group>"; };
		96ED3442251E895100B5F4C3 /* Base */ = {isa = PBXFileReference; lastKnownFileType = file.storyboard; name = Base; path = Base.lproj/Main.storyboard; sourceTree = "<group>"; };
		96ED3444251E895700B5F4C3 /* Assets.xcassets */ = {isa = PBXFileReference; lastKnownFileType = folder.assetcatalog; path = Assets.xcassets; sourceTree = "<group>"; };
		96ED3447251E895700B5F4C3 /* Base */ = {isa = PBXFileReference; lastKnownFileType = file.storyboard; name = Base; path = Base.lproj/LaunchScreen.storyboard; sourceTree = "<group>"; };
		96ED3449251E895700B5F4C3 /* Info.plist */ = {isa = PBXFileReference; lastKnownFileType = text.plist.xml; path = Info.plist; sourceTree = "<group>"; };
		96ED344F251E8FE000B5F4C3 /* SceneDelegate.swift */ = {isa = PBXFileReference; fileEncoding = 4; lastKnownFileType = sourcecode.swift; path = SceneDelegate.swift; sourceTree = "<group>"; };
		96ED3451251E91BD00B5F4C3 /* Vocabulary.swift */ = {isa = PBXFileReference; lastKnownFileType = sourcecode.swift; path = Vocabulary.swift; sourceTree = "<group>"; };
/* End PBXFileReference section */

/* Begin PBXFrameworksBuildPhase section */
		96ED3435251E895100B5F4C3 /* Frameworks */ = {
			isa = PBXFrameworksBuildPhase;
			buildActionMask = 2147483647;
			files = (
			);
			runOnlyForDeploymentPostprocessing = 0;
		};
/* End PBXFrameworksBuildPhase section */

/* Begin PBXGroup section */
		96ED342F251E895100B5F4C3 = {
			isa = PBXGroup;
			children = (
				96ED343A251E895100B5F4C3 /* SpeechRecognizerSample */,
				96ED3439251E895100B5F4C3 /* Products */,
			);
			sourceTree = "<group>";
		};
		96ED3439251E895100B5F4C3 /* Products */ = {
			isa = PBXGroup;
			children = (
				96ED3438251E895100B5F4C3 /* SpeechRecognizerSample.app */,
			);
			name = Products;
			sourceTree = "<group>";
		};
		96ED343A251E895100B5F4C3 /* SpeechRecognizerSample */ = {
			isa = PBXGroup;
			children = (
				96ED343B251E895100B5F4C3 /* AppDelegate.swift */,
				96ED344F251E8FE000B5F4C3 /* SceneDelegate.swift */,
				96ED343F251E895100B5F4C3 /* ViewController.swift */,
				96ED3451251E91BD00B5F4C3 /* Vocabulary.swift */,
				96ED3441251E895100B5F4C3 /* Main.storyboard */,
				96ED3444251E895700B5F4C3 /* Assets.xcassets */,
				96ED3446251E895700B5F4C3 /* LaunchScreen.storyboard */,
				96ED3449251E895700B5F4C3 /* Info.plist */,
			);
			path = SpeechRecognizerSample;
			sourceTree = "<group>";
		};
/* End PBXGroup section */

/* Begin PBXNativeTarget section */
		96ED3437251E895100B5F4C3 /* SpeechRecognizerSample */ = {
			isa = PBXNativeTarget;
			buildConfigurationList = 96ED344C251E895700B5F4C3 /* Build configuration list for PBXNativeTarget "SpeechRecognizerSample" */;
			buildPhases = (
				96ED3434251E895100B5F4C3 /* Sources */,
				96ED3435251E895100B5F4C3 /* Frameworks */,
				96ED3436251E895100B5F4C3 /* Resources */,
			);
			buildRules = (
			);
			dependencies = (
			);
			name = SpeechRecognizerSample;
			productName = SpeechRecognizerSample;
			productReference = 96ED3438251E895100B5F4C3 /* SpeechRecognizerSample.app */;
			productType = "com.apple.product-type.application";
		};
/* End PBXNativeTarget section */

/* Begin PBXProject section */
		96ED3430251E895100B5F4C3 /* Project object */ = {
			isa = PBXProject;
			attributes = {
				LastSwiftUpdateCheck = 1170;
				LastUpgradeCheck = 1170;
				ORGANIZATIONNAME = AntoninCharvat;
				TargetAttributes = {
					96ED3437251E895100B5F4C3 = {
						CreatedOnToolsVersion = 11.7;
					};
				};
			};
			buildConfigurationList = 96ED3433251E895100B5F4C3 /* Build configuration list for PBXProject "SpeechRecognizerSample" */;
			compatibilityVersion = "Xcode 9.3";
			developmentRegion = en;
			hasScannedForEncodings = 0;
			knownRegions = (
				en,
				Base,
			);
			mainGroup = 96ED342F251E895100B5F4C3;
			productRefGroup = 96ED3439251E895100B5F4C3 /* Products */;
			projectDirPath = "";
			projectRoot = "";
			targets = (
				96ED3437251E895100B5F4C3 /* SpeechRecognizerSample */,
			);
		};
/* End PBXProject section */

/* Begin PBXResourcesBuildPhase section */
		96ED3436251E895100B5F4C3 /* Resources */ = {
			isa = PBXResourcesBuildPhase;
			buildActionMask = 2147483647;
			files = (
				96ED3448251E895700B5F4C3 /* LaunchScreen.storyboard in Resources */,
				96ED3445251E895700B5F4C3 /* Assets.xcassets in Resources */,
				96ED3443251E895100B5F4C3 /* Main.storyboard in Resources */,
			);
			runOnlyForDeploymentPostprocessing = 0;
		};
/* End PBXResourcesBuildPhase section */

/* Begin PBXSourcesBuildPhase section */
		96ED3434251E895100B5F4C3 /* Sources */ = {
			isa = PBXSourcesBuildPhase;
			buildActionMask = 2147483647;
			files = (
				96ED3440251E895100B5F4C3 /* ViewController.swift in Sources */,
				96ED343C251E895100B5F4C3 /* AppDelegate.swift in Sources */,
				96ED3450251E8FE100B5F4C3 /* SceneDelegate.swift in Sources */,
				96ED3452251E91BD00B5F4C3 /* Vocabulary.swift in Sources */,
			);
			runOnlyForDeploymentPostprocessing = 0;
		};
/* End PBXSourcesBuildPhase section */

/* Begin PBXVariantGroup section */
		96ED3441251E895100B5F4C3 /* Main.storyboard */ = {
			isa = PBXVariantGroup;
			children = (
				96ED3442251E895100B5F4C3 /* Base */,
			);
			name = Main.storyboard;
			sourceTree = "<group>";
		};
		96ED3446251E895700B5F4C3 /* LaunchScreen.storyboard */ = {
			isa = PBXVariantGroup;
			children = (
				96ED3447251E895700B5F4C3 /* Base */,
			);
			name = LaunchScreen.storyboard;
			sourceTree = "<group>";
		};
/* End PBXVariantGroup section */

/* Begin XCBuildConfiguration section */
		96ED344A251E895700B5F4C3 /* Debug */ = {
			isa = XCBuildConfiguration;
			buildSettings = {
				ALWAYS_SEARCH_USER_PATHS = NO;
				CLANG_ANALYZER_NONNULL = YES;
				CLANG_ANALYZER_NUMBER_OBJECT_CONVERSION = YES_AGGRESSIVE;
				CLANG_CXX_LANGUAGE_STANDARD = "gnu++14";
				CLANG_CXX_LIBRARY = "libc++";
				CLANG_ENABLE_MODULES = YES;
				CLANG_ENABLE_OBJC_ARC = YES;
				CLANG_ENABLE_OBJC_WEAK = YES;
				CLANG_WARN_BLOCK_CAPTURE_AUTORELEASING = YES;
				CLANG_WARN_BOOL_CONVERSION = YES;
				CLANG_WARN_COMMA = YES;
				CLANG_WARN_CONSTANT_CONVERSION = YES;
				CLANG_WARN_DEPRECATED_OBJC_IMPLEMENTATIONS = YES;
				CLANG_WARN_DIRECT_OBJC_ISA_USAGE = YES_ERROR;
				CLANG_WARN_DOCUMENTATION_COMMENTS = YES;
				CLANG_WARN_EMPTY_BODY = YES;
				CLANG_WARN_ENUM_CONVERSION = YES;
				CLANG_WARN_INFINITE_RECURSION = YES;
				CLANG_WARN_INT_CONVERSION = YES;
				CLANG_WARN_NON_LITERAL_NULL_CONVERSION = YES;
				CLANG_WARN_OBJC_IMPLICIT_RETAIN_SELF = YES;
				CLANG_WARN_OBJC_LITERAL_CONVERSION = YES;
				CLANG_WARN_OBJC_ROOT_CLASS = YES_ERROR;
				CLANG_WARN_RANGE_LOOP_ANALYSIS = YES;
				CLANG_WARN_STRICT_PROTOTYPES = YES;
				CLANG_WARN_SUSPICIOUS_MOVE = YES;
				CLANG_WARN_UNGUARDED_AVAILABILITY = YES_AGGRESSIVE;
				CLANG_WARN_UNREACHABLE_CODE = YES;
				CLANG_WARN__DUPLICATE_METHOD_MATCH = YES;
				COPY_PHASE_STRIP = NO;
				DEBUG_INFORMATION_FORMAT = dwarf;
				ENABLE_STRICT_OBJC_MSGSEND = YES;
				ENABLE_TESTABILITY = YES;
				GCC_C_LANGUAGE_STANDARD = gnu11;
				GCC_DYNAMIC_NO_PIC = NO;
				GCC_NO_COMMON_BLOCKS = YES;
				GCC_OPTIMIZATION_LEVEL = 0;
				GCC_PREPROCESSOR_DEFINITIONS = (
					"DEBUG=1",
					"$(inherited)",
				);
				GCC_WARN_64_TO_32_BIT_CONVERSION = YES;
				GCC_WARN_ABOUT_RETURN_TYPE = YES_ERROR;
				GCC_WARN_UNDECLARED_SELECTOR = YES;
				GCC_WARN_UNINITIALIZED_AUTOS = YES_AGGRESSIVE;
				GCC_WARN_UNUSED_FUNCTION = YES;
				GCC_WARN_UNUSED_VARIABLE = YES;
				IPHONEOS_DEPLOYMENT_TARGET = 13.7;
				MTL_ENABLE_DEBUG_INFO = INCLUDE_SOURCE;
				MTL_FAST_MATH = YES;
				ONLY_ACTIVE_ARCH = YES;
				SDKROOT = iphoneos;
				SWIFT_ACTIVE_COMPILATION_CONDITIONS = DEBUG;
				SWIFT_OPTIMIZATION_LEVEL = "-Onone";
			};
			name = Debug;
		};
		96ED344B251E895700B5F4C3 /* Release */ = {
			isa = XCBuildConfiguration;
			buildSettings = {
				ALWAYS_SEARCH_USER_PATHS = NO;
				CLANG_ANALYZER_NONNULL = YES;
				CLANG_ANALYZER_NUMBER_OBJECT_CONVERSION = YES_AGGRESSIVE;
				CLANG_CXX_LANGUAGE_STANDARD = "gnu++14";
				CLANG_CXX_LIBRARY = "libc++";
				CLANG_ENABLE_MODULES = YES;
				CLANG_ENABLE_OBJC_ARC = YES;
				CLANG_ENABLE_OBJC_WEAK = YES;
				CLANG_WARN_BLOCK_CAPTURE_AUTORELEASING = YES;
				CLANG_WARN_BOOL_CONVERSION = YES;
				CLANG_WARN_COMMA = YES;
				CLANG_WARN_CONSTANT_CONVERSION = YES;
				CLANG_WARN_DEPRECATED_OBJC_IMPLEMENTATIONS = YES;
				CLANG_WARN_DIRECT_OBJC_ISA_USAGE = YES_ERROR;
				CLANG_WARN_DOCUMENTATION_COMMENTS = YES;
				CLANG_WARN_EMPTY_BODY = YES;
				CLANG_WARN_ENUM_CONVERSION = YES;
				CLANG_WARN_INFINITE_RECURSION = YES;
				CLANG_WARN_INT_CONVERSION = YES;
				CLANG_WARN_NON_LITERAL_NULL_CONVERSION = YES;
				CLANG_WARN_OBJC_IMPLICIT_RETAIN_SELF = YES;
				CLANG_WARN_OBJC_LITERAL_CONVERSION = YES;
				CLANG_WARN_OBJC_ROOT_CLASS = YES_ERROR;
				CLANG_WARN_RANGE_LOOP_ANALYSIS = YES;
				CLANG_WARN_STRICT_PROTOTYPES = YES;
				CLANG_WARN_SUSPICIOUS_MOVE = YES;
				CLANG_WARN_UNGUARDED_AVAILABILITY = YES_AGGRESSIVE;
				CLANG_WARN_UNREACHABLE_CODE = YES;
				CLANG_WARN__DUPLICATE_METHOD_MATCH = YES;
				COPY_PHASE_STRIP = NO;
				DEBUG_INFORMATION_FORMAT = "dwarf-with-dsym";
				ENABLE_NS_ASSERTIONS = NO;
				ENABLE_STRICT_OBJC_MSGSEND = YES;
				GCC_C_LANGUAGE_STANDARD = gnu11;
				GCC_NO_COMMON_BLOCKS = YES;
				GCC_WARN_64_TO_32_BIT_CONVERSION = YES;
				GCC_WARN_ABOUT_RETURN_TYPE = YES_ERROR;
				GCC_WARN_UNDECLARED_SELECTOR = YES;
				GCC_WARN_UNINITIALIZED_AUTOS = YES_AGGRESSIVE;
				GCC_WARN_UNUSED_FUNCTION = YES;
				GCC_WARN_UNUSED_VARIABLE = YES;
				IPHONEOS_DEPLOYMENT_TARGET = 13.7;
				MTL_ENABLE_DEBUG_INFO = NO;
				MTL_FAST_MATH = YES;
				SDKROOT = iphoneos;
				SWIFT_COMPILATION_MODE = wholemodule;
				SWIFT_OPTIMIZATION_LEVEL = "-O";
				VALIDATE_PRODUCT = YES;
			};
			name = Release;
		};
		96ED344D251E895700B5F4C3 /* Debug */ = {
			isa = XCBuildConfiguration;
			buildSettings = {
				ASSETCATALOG_COMPILER_APPICON_NAME = AppIcon;
				CODE_SIGN_STYLE = Automatic;
				DEVELOPMENT_TEAM = 4JR3664V4M;
				INFOPLIST_FILE = SpeechRecognizerSample/Info.plist;
				IPHONEOS_DEPLOYMENT_TARGET = 13.0;
				LD_RUNPATH_SEARCH_PATHS = (
					"$(inherited)",
					"@executable_path/Frameworks",
				);
				PRODUCT_BUNDLE_IDENTIFIER = com.antonincharvat.SpeechRecognizerSample;
				PRODUCT_NAME = "$(TARGET_NAME)";
				SWIFT_VERSION = 5.0;
				TARGETED_DEVICE_FAMILY = "1,2";
			};
			name = Debug;
		};
		96ED344E251E895700B5F4C3 /* Release */ = {
			isa = XCBuildConfiguration;
			buildSettings = {
				ASSETCATALOG_COMPILER_APPICON_NAME = AppIcon;
				CODE_SIGN_STYLE = Automatic;
				DEVELOPMENT_TEAM = 4JR3664V4M;
				INFOPLIST_FILE = SpeechRecognizerSample/Info.plist;
				IPHONEOS_DEPLOYMENT_TARGET = 13.0;
				LD_RUNPATH_SEARCH_PATHS = (
					"$(inherited)",
					"@executable_path/Frameworks",
				);
				PRODUCT_BUNDLE_IDENTIFIER = com.antonincharvat.SpeechRecognizerSample;
				PRODUCT_NAME = "$(TARGET_NAME)";
				SWIFT_VERSION = 5.0;
				TARGETED_DEVICE_FAMILY = "1,2";
			};
			name = Release;
		};
/* End XCBuildConfiguration section */

/* Begin XCConfigurationList section */
		96ED3433251E895100B5F4C3 /* Build configuration list for PBXProject "SpeechRecognizerSample" */ = {
			isa = XCConfigurationList;
			buildConfigurations = (
				96ED344A251E895700B5F4C3 /* Debug */,
				96ED344B251E895700B5F4C3 /* Release */,
			);
			defaultConfigurationIsVisible = 0;
			defaultConfigurationName = Release;
		};
		96ED344C251E895700B5F4C3 /* Build configuration list for PBXNativeTarget "SpeechRecognizerSample" */ = {
			isa = XCConfigurationList;
			buildConfigurations = (
				96ED344D251E895700B5F4C3 /* Debug */,
				96ED344E251E895700B5F4C3 /* Release */,
			);
			defaultConfigurationIsVisible = 0;
			defaultConfigurationName = Release;
		};
/* End XCConfigurationList section */
	};
	rootObject = 96ED3430251E895100B5F4C3 /* Project object */;
}
